
Microsoft Visual Studio Solution File, Format Version 12.00
# Visual Studio Version 16
VisualStudioVersion = 16.0.28803.352
MinimumVisualStudioVersion = 10.0.40219.1
Project("{FAE04EC0-301F-11D3-BF4B-00C04F79EFBC}") = "Lesson5_HW_Task4", "Lesson5_HW_Task4\Lesson5_HW_Task4.csproj", "{F4C4298B-67B5-4907-A56A-6FA45F6418E4}"
EndProject
Global
	GlobalSection(SolutionConfigurationPlatforms) = preSolution
		Debug|Any CPU = Debug|Any CPU
		Release|Any CPU = Release|Any CPU
	EndGlobalSection
	GlobalSection(ProjectConfigurationPlatforms) = postSolution
		{F4C4298B-67B5-4907-A56A-6FA45F6418E4}.Debug|Any CPU.ActiveCfg = Debug|Any CPU
		{F4C4298B-67B5-4907-A56A-6FA45F6418E4}.Debug|Any CPU.Build.0 = Debug|Any CPU
		{F4C4298B-67B5-4907-A56A-6FA45F6418E4}.Release|Any CPU.ActiveCfg = Release|Any CPU
		{F4C4298B-67B5-4907-A56A-6FA45F6418E4}.Release|Any CPU.Build.0 = Release|Any CPU
	EndGlobalSection
	GlobalSection(SolutionProperties) = preSolution
		HideSolutionNode = FALSE
	EndGlobalSection
	GlobalSection(ExtensibilityGlobals) = postSolution
		SolutionGuid = {D0EABE7D-9F53-4EB2-A9E0-60DBA2717AA5}
	EndGlobalSection
EndGlobal
